
Microsoft Visual Studio Solution File, Format Version 12.00
# Visual Studio 15
VisualStudioVersion = 15.0.27130.2026
MinimumVisualStudioVersion = 10.0.40219.1
Project("{FAE04EC0-301F-11D3-BF4B-00C04F79EFBC}") = "StockExchangeHelper", "StockExchangeHelper\StockExchangeHelper.csproj", "{54AE93C7-C438-4593-95AE-EB770F38C218}"
EndProject
Project("{FAE04EC0-301F-11D3-BF4B-00C04F79EFBC}") = "BusinessLogicLayer", "BusinessLogicLayer\BusinessLogicLayer.csproj", "{5971BE82-D5BE-478F-B651-DE8FB0592954}"
EndProject
Global
	GlobalSection(SolutionConfigurationPlatforms) = preSolution
		Debug|Any CPU = Debug|Any CPU
		Debug|ARM = Debug|ARM
		Debug|x64 = Debug|x64
		Debug|x86 = Debug|x86
		Release|Any CPU = Release|Any CPU
		Release|ARM = Release|ARM
		Release|x64 = Release|x64
		Release|x86 = Release|x86
	EndGlobalSection
	GlobalSection(ProjectConfigurationPlatforms) = postSolution
		{54AE93C7-C438-4593-95AE-EB770F38C218}.Debug|Any CPU.ActiveCfg = Debug|Any CPU
		{54AE93C7-C438-4593-95AE-EB770F38C218}.Debug|Any CPU.Build.0 = Debug|Any CPU
		{54AE93C7-C438-4593-95AE-EB770F38C218}.Debug|ARM.ActiveCfg = Debug|Any CPU
		{54AE93C7-C438-4593-95AE-EB770F38C218}.Debug|ARM.Build.0 = Debug|Any CPU
		{54AE93C7-C438-4593-95AE-EB770F38C218}.Debug|x64.ActiveCfg = Debug|Any CPU
		{54AE93C7-C438-4593-95AE-EB770F38C218}.Debug|x64.Build.0 = Debug|Any CPU
		{54AE93C7-C438-4593-95AE-EB770F38C218}.Debug|x86.ActiveCfg = Debug|Any CPU
		{54AE93C7-C438-4593-95AE-EB770F38C218}.Debug|x86.Build.0 = Debug|Any CPU
		{54AE93C7-C438-4593-95AE-EB770F38C218}.Release|Any CPU.ActiveCfg = Release|Any CPU
		{54AE93C7-C438-4593-95AE-EB770F38C218}.Release|Any CPU.Build.0 = Release|Any CPU
		{54AE93C7-C438-4593-95AE-EB770F38C218}.Release|ARM.ActiveCfg = Release|Any CPU
		{54AE93C7-C438-4593-95AE-EB770F38C218}.Release|ARM.Build.0 = Release|Any CPU
		{54AE93C7-C438-4593-95AE-EB770F38C218}.Release|x64.ActiveCfg = Release|Any CPU
		{54AE93C7-C438-4593-95AE-EB770F38C218}.Release|x64.Build.0 = Release|Any CPU
		{54AE93C7-C438-4593-95AE-EB770F38C218}.Release|x86.ActiveCfg = Release|Any CPU
		{54AE93C7-C438-4593-95AE-EB770F38C218}.Release|x86.Build.0 = Release|Any CPU
		{5971BE82-D5BE-478F-B651-DE8FB0592954}.Debug|Any CPU.ActiveCfg = Debug|Any CPU
		{5971BE82-D5BE-478F-B651-DE8FB0592954}.Debug|Any CPU.Build.0 = Debug|Any CPU
		{5971BE82-D5BE-478F-B651-DE8FB0592954}.Debug|ARM.ActiveCfg = Debug|Any CPU
		{5971BE82-D5BE-478F-B651-DE8FB0592954}.Debug|ARM.Build.0 = Debug|Any CPU
		{5971BE82-D5BE-478F-B651-DE8FB0592954}.Debug|x64.ActiveCfg = Debug|Any CPU
		{5971BE82-D5BE-478F-B651-DE8FB0592954}.Debug|x64.Build.0 = Debug|Any CPU
		{5971BE82-D5BE-478F-B651-DE8FB0592954}.Debug|x86.ActiveCfg = Debug|Any CPU
		{5971BE82-D5BE-478F-B651-DE8FB0592954}.Debug|x86.Build.0 = Debug|Any CPU
		{5971BE82-D5BE-478F-B651-DE8FB0592954}.Release|Any CPU.ActiveCfg = Release|Any CPU
		{5971BE82-D5BE-478F-B651-DE8FB0592954}.Release|Any CPU.Build.0 = Release|Any CPU
		{5971BE82-D5BE-478F-B651-DE8FB0592954}.Release|ARM.ActiveCfg = Release|Any CPU
		{5971BE82-D5BE-478F-B651-DE8FB0592954}.Release|ARM.Build.0 = Release|Any CPU
		{5971BE82-D5BE-478F-B651-DE8FB0592954}.Release|x64.ActiveCfg = Release|Any CPU
		{5971BE82-D5BE-478F-B651-DE8FB0592954}.Release|x64.Build.0 = Release|Any CPU
		{5971BE82-D5BE-478F-B651-DE8FB0592954}.Release|x86.ActiveCfg = Release|Any CPU
		{5971BE82-D5BE-478F-B651-DE8FB0592954}.Release|x86.Build.0 = Release|Any CPU
	EndGlobalSection
	GlobalSection(SolutionProperties) = preSolution
		HideSolutionNode = FALSE
	EndGlobalSection
	GlobalSection(ExtensibilityGlobals) = postSolution
		SolutionGuid = {E26F3D2D-94F1-42A1-98AA-2638BB71F132}
	EndGlobalSection
EndGlobal
